// !$*UTF8*$!
{
	archiveVersion = 1;
	classes = {
	};
	objectVersion = 50;
	objects = {

/* Begin PBXBuildFile section */
		E326209426A32A62001A3D3F /* TabBarViewController.swift in Sources */ = {isa = PBXBuildFile; fileRef = E326209326A32A62001A3D3F /* TabBarViewController.swift */; };
		E326209626A32A95001A3D3F /* SearchViewController.swift in Sources */ = {isa = PBXBuildFile; fileRef = E326209526A32A95001A3D3F /* SearchViewController.swift */; };
		E326209826A32ABF001A3D3F /* LibraryViewController.swift in Sources */ = {isa = PBXBuildFile; fileRef = E326209726A32ABF001A3D3F /* LibraryViewController.swift */; };
		E326209C26A32AF3001A3D3F /* AuthViewController.swift in Sources */ = {isa = PBXBuildFile; fileRef = E326209B26A32AF3001A3D3F /* AuthViewController.swift */; };
		E326209E26A32AFE001A3D3F /* WelcomeViewController.swift in Sources */ = {isa = PBXBuildFile; fileRef = E326209D26A32AFE001A3D3F /* WelcomeViewController.swift */; };
		E32620A026A32B06001A3D3F /* SettingsViewController.swift in Sources */ = {isa = PBXBuildFile; fileRef = E326209F26A32B06001A3D3F /* SettingsViewController.swift */; };
		E32620A226A32B1A001A3D3F /* ProfileViewController.swift in Sources */ = {isa = PBXBuildFile; fileRef = E32620A126A32B1A001A3D3F /* ProfileViewController.swift */; };
		E32620A426A32B21001A3D3F /* PlayerViewController.swift in Sources */ = {isa = PBXBuildFile; fileRef = E32620A326A32B21001A3D3F /* PlayerViewController.swift */; };
		E32620A626A32B2C001A3D3F /* PlaylistViewController.swift in Sources */ = {isa = PBXBuildFile; fileRef = E32620A526A32B2C001A3D3F /* PlaylistViewController.swift */; };
		E32620A826A32B43001A3D3F /* SearchResultsViewController.swift in Sources */ = {isa = PBXBuildFile; fileRef = E32620A726A32B43001A3D3F /* SearchResultsViewController.swift */; };
		E32620AA26A32B5A001A3D3F /* AuthManager.swift in Sources */ = {isa = PBXBuildFile; fileRef = E32620A926A32B5A001A3D3F /* AuthManager.swift */; };
		E32620AC26A32B69001A3D3F /* APICaller.swift in Sources */ = {isa = PBXBuildFile; fileRef = E32620AB26A32B69001A3D3F /* APICaller.swift */; };
		E32620AE26A32B72001A3D3F /* HapticsManager.swift in Sources */ = {isa = PBXBuildFile; fileRef = E32620AD26A32B72001A3D3F /* HapticsManager.swift */; };
		E32620B026A32B8F001A3D3F /* Playlist.swift in Sources */ = {isa = PBXBuildFile; fileRef = E32620AF26A32B8F001A3D3F /* Playlist.swift */; };
		E32620B226A32B9C001A3D3F /* AudioTrack.swift in Sources */ = {isa = PBXBuildFile; fileRef = E32620B126A32B9C001A3D3F /* AudioTrack.swift */; };
		E32620B426A32BA0001A3D3F /* Artist.swift in Sources */ = {isa = PBXBuildFile; fileRef = E32620B326A32BA0001A3D3F /* Artist.swift */; };
		E32620B626A32BB3001A3D3F /* UserProfile.swift in Sources */ = {isa = PBXBuildFile; fileRef = E32620B526A32BB3001A3D3F /* UserProfile.swift */; };
		E32620B826A34018001A3D3F /* Extenstions.swift in Sources */ = {isa = PBXBuildFile; fileRef = E32620B726A34018001A3D3F /* Extenstions.swift */; };
		E326E51226A3285700176E9E /* AppDelegate.swift in Sources */ = {isa = PBXBuildFile; fileRef = E326E51126A3285700176E9E /* AppDelegate.swift */; };
		E326E51426A3285700176E9E /* SceneDelegate.swift in Sources */ = {isa = PBXBuildFile; fileRef = E326E51326A3285700176E9E /* SceneDelegate.swift */; };
		E326E51626A3285700176E9E /* HomeViewController.swift in Sources */ = {isa = PBXBuildFile; fileRef = E326E51526A3285700176E9E /* HomeViewController.swift */; };
		E326E51B26A3285800176E9E /* Assets.xcassets in Resources */ = {isa = PBXBuildFile; fileRef = E326E51A26A3285800176E9E /* Assets.xcassets */; };
		E326E51E26A3285800176E9E /* LaunchScreen.storyboard in Resources */ = {isa = PBXBuildFile; fileRef = E326E51C26A3285800176E9E /* LaunchScreen.storyboard */; };
/* End PBXBuildFile section */

/* Begin PBXFileReference section */
		E326209326A32A62001A3D3F /* TabBarViewController.swift */ = {isa = PBXFileReference; lastKnownFileType = sourcecode.swift; path = TabBarViewController.swift; sourceTree = "<group>"; };
		E326209526A32A95001A3D3F /* SearchViewController.swift */ = {isa = PBXFileReference; lastKnownFileType = sourcecode.swift; path = SearchViewController.swift; sourceTree = "<group>"; };
		E326209726A32ABF001A3D3F /* LibraryViewController.swift */ = {isa = PBXFileReference; lastKnownFileType = sourcecode.swift; path = LibraryViewController.swift; sourceTree = "<group>"; };
		E326209B26A32AF3001A3D3F /* AuthViewController.swift */ = {isa = PBXFileReference; lastKnownFileType = sourcecode.swift; path = AuthViewController.swift; sourceTree = "<group>"; };
		E326209D26A32AFE001A3D3F /* WelcomeViewController.swift */ = {isa = PBXFileReference; lastKnownFileType = sourcecode.swift; path = WelcomeViewController.swift; sourceTree = "<group>"; };
		E326209F26A32B06001A3D3F /* SettingsViewController.swift */ = {isa = PBXFileReference; lastKnownFileType = sourcecode.swift; path = SettingsViewController.swift; sourceTree = "<group>"; };
		E32620A126A32B1A001A3D3F /* ProfileViewController.swift */ = {isa = PBXFileReference; lastKnownFileType = sourcecode.swift; path = ProfileViewController.swift; sourceTree = "<group>"; };
		E32620A326A32B21001A3D3F /* PlayerViewController.swift */ = {isa = PBXFileReference; lastKnownFileType = sourcecode.swift; path = PlayerViewController.swift; sourceTree = "<group>"; };
		E32620A526A32B2C001A3D3F /* PlaylistViewController.swift */ = {isa = PBXFileReference; lastKnownFileType = sourcecode.swift; path = PlaylistViewController.swift; sourceTree = "<group>"; };
		E32620A726A32B43001A3D3F /* SearchResultsViewController.swift */ = {isa = PBXFileReference; lastKnownFileType = sourcecode.swift; path = SearchResultsViewController.swift; sourceTree = "<group>"; };
		E32620A926A32B5A001A3D3F /* AuthManager.swift */ = {isa = PBXFileReference; lastKnownFileType = sourcecode.swift; path = AuthManager.swift; sourceTree = "<group>"; };
		E32620AB26A32B69001A3D3F /* APICaller.swift */ = {isa = PBXFileReference; lastKnownFileType = sourcecode.swift; path = APICaller.swift; sourceTree = "<group>"; };
		E32620AD26A32B72001A3D3F /* HapticsManager.swift */ = {isa = PBXFileReference; lastKnownFileType = sourcecode.swift; path = HapticsManager.swift; sourceTree = "<group>"; };
		E32620AF26A32B8F001A3D3F /* Playlist.swift */ = {isa = PBXFileReference; lastKnownFileType = sourcecode.swift; path = Playlist.swift; sourceTree = "<group>"; };
		E32620B126A32B9C001A3D3F /* AudioTrack.swift */ = {isa = PBXFileReference; lastKnownFileType = sourcecode.swift; path = AudioTrack.swift; sourceTree = "<group>"; };
		E32620B326A32BA0001A3D3F /* Artist.swift */ = {isa = PBXFileReference; lastKnownFileType = sourcecode.swift; path = Artist.swift; sourceTree = "<group>"; };
		E32620B526A32BB3001A3D3F /* UserProfile.swift */ = {isa = PBXFileReference; lastKnownFileType = sourcecode.swift; path = UserProfile.swift; sourceTree = "<group>"; };
		E32620B726A34018001A3D3F /* Extenstions.swift */ = {isa = PBXFileReference; lastKnownFileType = sourcecode.swift; path = Extenstions.swift; sourceTree = "<group>"; };
		E326E50E26A3285700176E9E /* Spotify.app */ = {isa = PBXFileReference; explicitFileType = wrapper.application; includeInIndex = 0; path = Spotify.app; sourceTree = BUILT_PRODUCTS_DIR; };
		E326E51126A3285700176E9E /* AppDelegate.swift */ = {isa = PBXFileReference; lastKnownFileType = sourcecode.swift; path = AppDelegate.swift; sourceTree = "<group>"; };
		E326E51326A3285700176E9E /* SceneDelegate.swift */ = {isa = PBXFileReference; lastKnownFileType = sourcecode.swift; path = SceneDelegate.swift; sourceTree = "<group>"; };
		E326E51526A3285700176E9E /* HomeViewController.swift */ = {isa = PBXFileReference; lastKnownFileType = sourcecode.swift; path = HomeViewController.swift; sourceTree = "<group>"; };
		E326E51A26A3285800176E9E /* Assets.xcassets */ = {isa = PBXFileReference; lastKnownFileType = folder.assetcatalog; path = Assets.xcassets; sourceTree = "<group>"; };
		E326E51D26A3285800176E9E /* Base */ = {isa = PBXFileReference; lastKnownFileType = file.storyboard; name = Base; path = Base.lproj/LaunchScreen.storyboard; sourceTree = "<group>"; };
		E326E51F26A3285800176E9E /* Info.plist */ = {isa = PBXFileReference; lastKnownFileType = text.plist.xml; path = Info.plist; sourceTree = "<group>"; };
/* End PBXFileReference section */

/* Begin PBXFrameworksBuildPhase section */
		E326E50B26A3285700176E9E /* Frameworks */ = {
			isa = PBXFrameworksBuildPhase;
			buildActionMask = 2147483647;
			files = (
			);
			runOnlyForDeploymentPostprocessing = 0;
		};
/* End PBXFrameworksBuildPhase section */

/* Begin PBXGroup section */
		E326209926A32AD5001A3D3F /* Core */ = {
			isa = PBXGroup;
			children = (
				E326209326A32A62001A3D3F /* TabBarViewController.swift */,
				E326E51526A3285700176E9E /* HomeViewController.swift */,
				E326209526A32A95001A3D3F /* SearchViewController.swift */,
				E326209726A32ABF001A3D3F /* LibraryViewController.swift */,
			);
			path = Core;
			sourceTree = "<group>";
		};
		E326209A26A32AE4001A3D3F /* Other */ = {
			isa = PBXGroup;
			children = (
				E326209B26A32AF3001A3D3F /* AuthViewController.swift */,
				E326209D26A32AFE001A3D3F /* WelcomeViewController.swift */,
				E326209F26A32B06001A3D3F /* SettingsViewController.swift */,
				E32620A126A32B1A001A3D3F /* ProfileViewController.swift */,
				E32620A326A32B21001A3D3F /* PlayerViewController.swift */,
				E32620A526A32B2C001A3D3F /* PlaylistViewController.swift */,
				E32620A726A32B43001A3D3F /* SearchResultsViewController.swift */,
			);
			path = Other;
			sourceTree = "<group>";
		};
		E326E50526A3285700176E9E = {
			isa = PBXGroup;
			children = (
				E326E51026A3285700176E9E /* Spotify */,
				E326E50F26A3285700176E9E /* Products */,
			);
			sourceTree = "<group>";
		};
		E326E50F26A3285700176E9E /* Products */ = {
			isa = PBXGroup;
			children = (
				E326E50E26A3285700176E9E /* Spotify.app */,
			);
			name = Products;
			sourceTree = "<group>";
		};
		E326E51026A3285700176E9E /* Spotify */ = {
			isa = PBXGroup;
			children = (
				E326E52A26A328A900176E9E /* Managers */,
				E326E52926A3289F00176E9E /* Resources */,
				E326E52826A3289900176E9E /* Controllers */,
				E326E52726A3289200176E9E /* ViewModels */,
				E326E52626A3288600176E9E /* Views */,
				E326E52526A3287E00176E9E /* Model */,
				E326E51F26A3285800176E9E /* Info.plist */,
			);
			path = Spotify;
			sourceTree = "<group>";
		};
		E326E52526A3287E00176E9E /* Model */ = {
			isa = PBXGroup;
			children = (
			);
			path = Model;
			sourceTree = "<group>";
		};
		E326E52626A3288600176E9E /* Views */ = {
			isa = PBXGroup;
			children = (
				E326E51C26A3285800176E9E /* LaunchScreen.storyboard */,
			);
			path = Views;
			sourceTree = "<group>";
		};
		E326E52726A3289200176E9E /* ViewModels */ = {
			isa = PBXGroup;
			children = (
				E32620AF26A32B8F001A3D3F /* Playlist.swift */,
				E32620B126A32B9C001A3D3F /* AudioTrack.swift */,
				E32620B326A32BA0001A3D3F /* Artist.swift */,
				E32620B526A32BB3001A3D3F /* UserProfile.swift */,
			);
			path = ViewModels;
			sourceTree = "<group>";
		};
		E326E52826A3289900176E9E /* Controllers */ = {
			isa = PBXGroup;
			children = (
				E326209A26A32AE4001A3D3F /* Other */,
				E326209926A32AD5001A3D3F /* Core */,
			);
			path = Controllers;
			sourceTree = "<group>";
		};
		E326E52926A3289F00176E9E /* Resources */ = {
			isa = PBXGroup;
			children = (
				E326E51126A3285700176E9E /* AppDelegate.swift */,
				E326E51326A3285700176E9E /* SceneDelegate.swift */,
				E326E51A26A3285800176E9E /* Assets.xcassets */,
				E32620B726A34018001A3D3F /* Extenstions.swift */,
			);
			path = Resources;
			sourceTree = "<group>";
		};
		E326E52A26A328A900176E9E /* Managers */ = {
			isa = PBXGroup;
			children = (
				E32620A926A32B5A001A3D3F /* AuthManager.swift */,
				E32620AB26A32B69001A3D3F /* APICaller.swift */,
				E32620AD26A32B72001A3D3F /* HapticsManager.swift */,
			);
			path = Managers;
			sourceTree = "<group>";
		};
/* End PBXGroup section */

/* Begin PBXNativeTarget section */
		E326E50D26A3285700176E9E /* Spotify */ = {
			isa = PBXNativeTarget;
			buildConfigurationList = E326E52226A3285800176E9E /* Build configuration list for PBXNativeTarget "Spotify" */;
			buildPhases = (
				E326E50A26A3285700176E9E /* Sources */,
				E326E50B26A3285700176E9E /* Frameworks */,
				E326E50C26A3285700176E9E /* Resources */,
			);
			buildRules = (
			);
			dependencies = (
			);
			name = Spotify;
			productName = Spotify;
			productReference = E326E50E26A3285700176E9E /* Spotify.app */;
			productType = "com.apple.product-type.application";
		};
/* End PBXNativeTarget section */

/* Begin PBXProject section */
		E326E50626A3285700176E9E /* Project object */ = {
			isa = PBXProject;
			attributes = {
				LastSwiftUpdateCheck = 1250;
				LastUpgradeCheck = 1250;
				TargetAttributes = {
					E326E50D26A3285700176E9E = {
						CreatedOnToolsVersion = 12.5.1;
					};
				};
			};
			buildConfigurationList = E326E50926A3285700176E9E /* Build configuration list for PBXProject "Spotify" */;
			compatibilityVersion = "Xcode 9.3";
			developmentRegion = en;
			hasScannedForEncodings = 0;
			knownRegions = (
				en,
				Base,
			);
			mainGroup = E326E50526A3285700176E9E;
			productRefGroup = E326E50F26A3285700176E9E /* Products */;
			projectDirPath = "";
			projectRoot = "";
			targets = (
				E326E50D26A3285700176E9E /* Spotify */,
			);
		};
/* End PBXProject section */

/* Begin PBXResourcesBuildPhase section */
		E326E50C26A3285700176E9E /* Resources */ = {
			isa = PBXResourcesBuildPhase;
			buildActionMask = 2147483647;
			files = (
				E326E51E26A3285800176E9E /* LaunchScreen.storyboard in Resources */,
				E326E51B26A3285800176E9E /* Assets.xcassets in Resources */,
			);
			runOnlyForDeploymentPostprocessing = 0;
		};
/* End PBXResourcesBuildPhase section */

/* Begin PBXSourcesBuildPhase section */
		E326E50A26A3285700176E9E /* Sources */ = {
			isa = PBXSourcesBuildPhase;
			buildActionMask = 2147483647;
			files = (
				E326209626A32A95001A3D3F /* SearchViewController.swift in Sources */,
				E32620B026A32B8F001A3D3F /* Playlist.swift in Sources */,
				E32620AA26A32B5A001A3D3F /* AuthManager.swift in Sources */,
				E32620A826A32B43001A3D3F /* SearchResultsViewController.swift in Sources */,
				E32620AE26A32B72001A3D3F /* HapticsManager.swift in Sources */,
				E326209E26A32AFE001A3D3F /* WelcomeViewController.swift in Sources */,
				E32620A226A32B1A001A3D3F /* ProfileViewController.swift in Sources */,
				E326209426A32A62001A3D3F /* TabBarViewController.swift in Sources */,
				E32620B226A32B9C001A3D3F /* AudioTrack.swift in Sources */,
				E326E51626A3285700176E9E /* HomeViewController.swift in Sources */,
				E326209C26A32AF3001A3D3F /* AuthViewController.swift in Sources */,
				E326E51226A3285700176E9E /* AppDelegate.swift in Sources */,
				E32620B626A32BB3001A3D3F /* UserProfile.swift in Sources */,
				E326209826A32ABF001A3D3F /* LibraryViewController.swift in Sources */,
				E32620B426A32BA0001A3D3F /* Artist.swift in Sources */,
				E32620A626A32B2C001A3D3F /* PlaylistViewController.swift in Sources */,
				E32620B826A34018001A3D3F /* Extenstions.swift in Sources */,
				E326E51426A3285700176E9E /* SceneDelegate.swift in Sources */,
				E32620A426A32B21001A3D3F /* PlayerViewController.swift in Sources */,
				E32620AC26A32B69001A3D3F /* APICaller.swift in Sources */,
				E32620A026A32B06001A3D3F /* SettingsViewController.swift in Sources */,
			);
			runOnlyForDeploymentPostprocessing = 0;
		};
/* End PBXSourcesBuildPhase section */

/* Begin PBXVariantGroup section */
		E326E51C26A3285800176E9E /* LaunchScreen.storyboard */ = {
			isa = PBXVariantGroup;
			children = (
				E326E51D26A3285800176E9E /* Base */,
			);
			name = LaunchScreen.storyboard;
			sourceTree = "<group>";
		};
/* End PBXVariantGroup section */

/* Begin XCBuildConfiguration section */
		E326E52026A3285800176E9E /* Debug */ = {
			isa = XCBuildConfiguration;
			buildSettings = {
				ALWAYS_SEARCH_USER_PATHS = NO;
				CLANG_ANALYZER_NONNULL = YES;
				CLANG_ANALYZER_NUMBER_OBJECT_CONVERSION = YES_AGGRESSIVE;
				CLANG_CXX_LANGUAGE_STANDARD = "gnu++14";
				CLANG_CXX_LIBRARY = "libc++";
				CLANG_ENABLE_MODULES = YES;
				CLANG_ENABLE_OBJC_ARC = YES;
				CLANG_ENABLE_OBJC_WEAK = YES;
				CLANG_WARN_BLOCK_CAPTURE_AUTORELEASING = YES;
				CLANG_WARN_BOOL_CONVERSION = YES;
				CLANG_WARN_COMMA = YES;
				CLANG_WARN_CONSTANT_CONVERSION = YES;
				CLANG_WARN_DEPRECATED_OBJC_IMPLEMENTATIONS = YES;
				CLANG_WARN_DIRECT_OBJC_ISA_USAGE = YES_ERROR;
				CLANG_WARN_DOCUMENTATION_COMMENTS = YES;
				CLANG_WARN_EMPTY_BODY = YES;
				CLANG_WARN_ENUM_CONVERSION = YES;
				CLANG_WARN_INFINITE_RECURSION = YES;
				CLANG_WARN_INT_CONVERSION = YES;
				CLANG_WARN_NON_LITERAL_NULL_CONVERSION = YES;
				CLANG_WARN_OBJC_IMPLICIT_RETAIN_SELF = YES;
				CLANG_WARN_OBJC_LITERAL_CONVERSION = YES;
				CLANG_WARN_OBJC_ROOT_CLASS = YES_ERROR;
				CLANG_WARN_QUOTED_INCLUDE_IN_FRAMEWORK_HEADER = YES;
				CLANG_WARN_RANGE_LOOP_ANALYSIS = YES;
				CLANG_WARN_STRICT_PROTOTYPES = YES;
				CLANG_WARN_SUSPICIOUS_MOVE = YES;
				CLANG_WARN_UNGUARDED_AVAILABILITY = YES_AGGRESSIVE;
				CLANG_WARN_UNREACHABLE_CODE = YES;
				CLANG_WARN__DUPLICATE_METHOD_MATCH = YES;
				COPY_PHASE_STRIP = NO;
				DEBUG_INFORMATION_FORMAT = dwarf;
				ENABLE_STRICT_OBJC_MSGSEND = YES;
				ENABLE_TESTABILITY = YES;
				GCC_C_LANGUAGE_STANDARD = gnu11;
				GCC_DYNAMIC_NO_PIC = NO;
				GCC_NO_COMMON_BLOCKS = YES;
				GCC_OPTIMIZATION_LEVEL = 0;
				GCC_PREPROCESSOR_DEFINITIONS = (
					"DEBUG=1",
					"$(inherited)",
				);
				GCC_WARN_64_TO_32_BIT_CONVERSION = YES;
				GCC_WARN_ABOUT_RETURN_TYPE = YES_ERROR;
				GCC_WARN_UNDECLARED_SELECTOR = YES;
				GCC_WARN_UNINITIALIZED_AUTOS = YES_AGGRESSIVE;
				GCC_WARN_UNUSED_FUNCTION = YES;
				GCC_WARN_UNUSED_VARIABLE = YES;
				IPHONEOS_DEPLOYMENT_TARGET = 14.5;
				MTL_ENABLE_DEBUG_INFO = INCLUDE_SOURCE;
				MTL_FAST_MATH = YES;
				ONLY_ACTIVE_ARCH = YES;
				SDKROOT = iphoneos;
				SWIFT_ACTIVE_COMPILATION_CONDITIONS = DEBUG;
				SWIFT_OPTIMIZATION_LEVEL = "-Onone";
			};
			name = Debug;
		};
		E326E52126A3285800176E9E /* Release */ = {
			isa = XCBuildConfiguration;
			buildSettings = {
				ALWAYS_SEARCH_USER_PATHS = NO;
				CLANG_ANALYZER_NONNULL = YES;
				CLANG_ANALYZER_NUMBER_OBJECT_CONVERSION = YES_AGGRESSIVE;
				CLANG_CXX_LANGUAGE_STANDARD = "gnu++14";
				CLANG_CXX_LIBRARY = "libc++";
				CLANG_ENABLE_MODULES = YES;
				CLANG_ENABLE_OBJC_ARC = YES;
				CLANG_ENABLE_OBJC_WEAK = YES;
				CLANG_WARN_BLOCK_CAPTURE_AUTORELEASING = YES;
				CLANG_WARN_BOOL_CONVERSION = YES;
				CLANG_WARN_COMMA = YES;
				CLANG_WARN_CONSTANT_CONVERSION = YES;
				CLANG_WARN_DEPRECATED_OBJC_IMPLEMENTATIONS = YES;
				CLANG_WARN_DIRECT_OBJC_ISA_USAGE = YES_ERROR;
				CLANG_WARN_DOCUMENTATION_COMMENTS = YES;
				CLANG_WARN_EMPTY_BODY = YES;
				CLANG_WARN_ENUM_CONVERSION = YES;
				CLANG_WARN_INFINITE_RECURSION = YES;
				CLANG_WARN_INT_CONVERSION = YES;
				CLANG_WARN_NON_LITERAL_NULL_CONVERSION = YES;
				CLANG_WARN_OBJC_IMPLICIT_RETAIN_SELF = YES;
				CLANG_WARN_OBJC_LITERAL_CONVERSION = YES;
				CLANG_WARN_OBJC_ROOT_CLASS = YES_ERROR;
				CLANG_WARN_QUOTED_INCLUDE_IN_FRAMEWORK_HEADER = YES;
				CLANG_WARN_RANGE_LOOP_ANALYSIS = YES;
				CLANG_WARN_STRICT_PROTOTYPES = YES;
				CLANG_WARN_SUSPICIOUS_MOVE = YES;
				CLANG_WARN_UNGUARDED_AVAILABILITY = YES_AGGRESSIVE;
				CLANG_WARN_UNREACHABLE_CODE = YES;
				CLANG_WARN__DUPLICATE_METHOD_MATCH = YES;
				COPY_PHASE_STRIP = NO;
				DEBUG_INFORMATION_FORMAT = "dwarf-with-dsym";
				ENABLE_NS_ASSERTIONS = NO;
				ENABLE_STRICT_OBJC_MSGSEND = YES;
				GCC_C_LANGUAGE_STANDARD = gnu11;
				GCC_NO_COMMON_BLOCKS = YES;
				GCC_WARN_64_TO_32_BIT_CONVERSION = YES;
				GCC_WARN_ABOUT_RETURN_TYPE = YES_ERROR;
				GCC_WARN_UNDECLARED_SELECTOR = YES;
				GCC_WARN_UNINITIALIZED_AUTOS = YES_AGGRESSIVE;
				GCC_WARN_UNUSED_FUNCTION = YES;
				GCC_WARN_UNUSED_VARIABLE = YES;
				IPHONEOS_DEPLOYMENT_TARGET = 14.5;
				MTL_ENABLE_DEBUG_INFO = NO;
				MTL_FAST_MATH = YES;
				SDKROOT = iphoneos;
				SWIFT_COMPILATION_MODE = wholemodule;
				SWIFT_OPTIMIZATION_LEVEL = "-O";
				VALIDATE_PRODUCT = YES;
			};
			name = Release;
		};
		E326E52326A3285800176E9E /* Debug */ = {
			isa = XCBuildConfiguration;
			buildSettings = {
				ASSETCATALOG_COMPILER_APPICON_NAME = AppIcon;
				ASSETCATALOG_COMPILER_GLOBAL_ACCENT_COLOR_NAME = AccentColor;
				CODE_SIGN_STYLE = Automatic;
				DEVELOPMENT_TEAM = FZF4NU59AF;
				INFOPLIST_FILE = Spotify/Info.plist;
				LD_RUNPATH_SEARCH_PATHS = (
					"$(inherited)",
					"@executable_path/Frameworks",
				);
				PRODUCT_BUNDLE_IDENTIFIER = "Vivek-Pattanaik.Spotify";
				PRODUCT_NAME = "$(TARGET_NAME)";
				SWIFT_VERSION = 5.0;
				TARGETED_DEVICE_FAMILY = "1,2";
			};
			name = Debug;
		};
		E326E52426A3285800176E9E /* Release */ = {
			isa = XCBuildConfiguration;
			buildSettings = {
				ASSETCATALOG_COMPILER_APPICON_NAME = AppIcon;
				ASSETCATALOG_COMPILER_GLOBAL_ACCENT_COLOR_NAME = AccentColor;
				CODE_SIGN_STYLE = Automatic;
				DEVELOPMENT_TEAM = FZF4NU59AF;
				INFOPLIST_FILE = Spotify/Info.plist;
				LD_RUNPATH_SEARCH_PATHS = (
					"$(inherited)",
					"@executable_path/Frameworks",
				);
				PRODUCT_BUNDLE_IDENTIFIER = "Vivek-Pattanaik.Spotify";
				PRODUCT_NAME = "$(TARGET_NAME)";
				SWIFT_VERSION = 5.0;
				TARGETED_DEVICE_FAMILY = "1,2";
			};
			name = Release;
		};
/* End XCBuildConfiguration section */

/* Begin XCConfigurationList section */
		E326E50926A3285700176E9E /* Build configuration list for PBXProject "Spotify" */ = {
			isa = XCConfigurationList;
			buildConfigurations = (
				E326E52026A3285800176E9E /* Debug */,
				E326E52126A3285800176E9E /* Release */,
			);
			defaultConfigurationIsVisible = 0;
			defaultConfigurationName = Release;
		};
		E326E52226A3285800176E9E /* Build configuration list for PBXNativeTarget "Spotify" */ = {
			isa = XCConfigurationList;
			buildConfigurations = (
				E326E52326A3285800176E9E /* Debug */,
				E326E52426A3285800176E9E /* Release */,
			);
			defaultConfigurationIsVisible = 0;
			defaultConfigurationName = Release;
		};
/* End XCConfigurationList section */
	};
	rootObject = E326E50626A3285700176E9E /* Project object */;
}
